
Microsoft Visual Studio Solution File, Format Version 12.00
# Visual Studio 2012
Project("{FAE04EC0-301F-11D3-BF4B-00C04F79EFBC}") = "HelloMvx4.Core", "HelloMvx4.Core\HelloMvx4.Core.csproj", "{9D5B3DD2-A588-4FD5-999D-E583A98B49DE}"
EndProject
Project("{FAE04EC0-301F-11D3-BF4B-00C04F79EFBC}") = "HelloMvx4.iOS", "HelloMvx4.iOS\HelloMvx4.iOS.csproj", "{B4ED42C5-B946-4F52-A740-336B83C25E92}"
EndProject
Project("{FAE04EC0-301F-11D3-BF4B-00C04F79EFBC}") = "HelloMvx4.Droid", "HelloMvx4.Droid\HelloMvx4.Droid.csproj", "{3D40700D-CD6F-4204-BB11-398D42BF24B1}"
EndProject
Global
	GlobalSection(SolutionConfigurationPlatforms) = preSolution
		Debug|Any CPU = Debug|Any CPU
		Release|Any CPU = Release|Any CPU
		Debug|iPhoneSimulator = Debug|iPhoneSimulator
		Release|iPhone = Release|iPhone
		Release|iPhoneSimulator = Release|iPhoneSimulator
		Debug|iPhone = Debug|iPhone
	EndGlobalSection
	GlobalSection(ProjectConfigurationPlatforms) = postSolution
		{9D5B3DD2-A588-4FD5-999D-E583A98B49DE}.Debug|Any CPU.ActiveCfg = Debug|Any CPU
		{9D5B3DD2-A588-4FD5-999D-E583A98B49DE}.Debug|Any CPU.Build.0 = Debug|Any CPU
		{9D5B3DD2-A588-4FD5-999D-E583A98B49DE}.Release|Any CPU.ActiveCfg = Release|Any CPU
		{9D5B3DD2-A588-4FD5-999D-E583A98B49DE}.Release|Any CPU.Build.0 = Release|Any CPU
		{9D5B3DD2-A588-4FD5-999D-E583A98B49DE}.Debug|iPhoneSimulator.ActiveCfg = Debug|Any CPU
		{9D5B3DD2-A588-4FD5-999D-E583A98B49DE}.Debug|iPhoneSimulator.Build.0 = Debug|Any CPU
		{9D5B3DD2-A588-4FD5-999D-E583A98B49DE}.Release|iPhone.ActiveCfg = Release|Any CPU
		{9D5B3DD2-A588-4FD5-999D-E583A98B49DE}.Release|iPhone.Build.0 = Release|Any CPU
		{9D5B3DD2-A588-4FD5-999D-E583A98B49DE}.Release|iPhoneSimulator.ActiveCfg = Release|Any CPU
		{9D5B3DD2-A588-4FD5-999D-E583A98B49DE}.Release|iPhoneSimulator.Build.0 = Release|Any CPU
		{9D5B3DD2-A588-4FD5-999D-E583A98B49DE}.Debug|iPhone.ActiveCfg = Debug|Any CPU
		{9D5B3DD2-A588-4FD5-999D-E583A98B49DE}.Debug|iPhone.Build.0 = Debug|Any CPU
		{B4ED42C5-B946-4F52-A740-336B83C25E92}.Debug|Any CPU.ActiveCfg = Debug|iPhoneSimulator
		{B4ED42C5-B946-4F52-A740-336B83C25E92}.Debug|Any CPU.Build.0 = Debug|iPhoneSimulator
		{B4ED42C5-B946-4F52-A740-336B83C25E92}.Release|Any CPU.ActiveCfg = Debug|iPhoneSimulator
		{B4ED42C5-B946-4F52-A740-336B83C25E92}.Release|Any CPU.Build.0 = Debug|iPhoneSimulator
		{B4ED42C5-B946-4F52-A740-336B83C25E92}.Debug|iPhoneSimulator.ActiveCfg = Debug|iPhoneSimulator
		{B4ED42C5-B946-4F52-A740-336B83C25E92}.Debug|iPhoneSimulator.Build.0 = Debug|iPhoneSimulator
		{B4ED42C5-B946-4F52-A740-336B83C25E92}.Release|iPhone.ActiveCfg = Release|iPhone
		{B4ED42C5-B946-4F52-A740-336B83C25E92}.Release|iPhone.Build.0 = Release|iPhone
		{B4ED42C5-B946-4F52-A740-336B83C25E92}.Release|iPhoneSimulator.ActiveCfg = Release|iPhoneSimulator
		{B4ED42C5-B946-4F52-A740-336B83C25E92}.Release|iPhoneSimulator.Build.0 = Release|iPhoneSimulator
		{B4ED42C5-B946-4F52-A740-336B83C25E92}.Debug|iPhone.ActiveCfg = Debug|iPhone
		{B4ED42C5-B946-4F52-A740-336B83C25E92}.Debug|iPhone.Build.0 = Debug|iPhone
		{3D40700D-CD6F-4204-BB11-398D42BF24B1}.Debug|Any CPU.ActiveCfg = Debug|Any CPU
		{3D40700D-CD6F-4204-BB11-398D42BF24B1}.Debug|Any CPU.Build.0 = Debug|Any CPU
		{3D40700D-CD6F-4204-BB11-398D42BF24B1}.Release|Any CPU.ActiveCfg = Release|Any CPU
		{3D40700D-CD6F-4204-BB11-398D42BF24B1}.Release|Any CPU.Build.0 = Release|Any CPU
		{3D40700D-CD6F-4204-BB11-398D42BF24B1}.Debug|iPhoneSimulator.ActiveCfg = Debug|Any CPU
		{3D40700D-CD6F-4204-BB11-398D42BF24B1}.Debug|iPhoneSimulator.Build.0 = Debug|Any CPU
		{3D40700D-CD6F-4204-BB11-398D42BF24B1}.Release|iPhone.ActiveCfg = Release|Any CPU
		{3D40700D-CD6F-4204-BB11-398D42BF24B1}.Release|iPhone.Build.0 = Release|Any CPU
		{3D40700D-CD6F-4204-BB11-398D42BF24B1}.Release|iPhoneSimulator.ActiveCfg = Release|Any CPU
		{3D40700D-CD6F-4204-BB11-398D42BF24B1}.Release|iPhoneSimulator.Build.0 = Release|Any CPU
		{3D40700D-CD6F-4204-BB11-398D42BF24B1}.Debug|iPhone.ActiveCfg = Debug|Any CPU
		{3D40700D-CD6F-4204-BB11-398D42BF24B1}.Debug|iPhone.Build.0 = Debug|Any CPU
	EndGlobalSection
EndGlobal
